
Microsoft Visual Studio Solution File, Format Version 12.00
# Visual Studio Version 16
VisualStudioVersion = 16.0.30011.22
MinimumVisualStudioVersion = 10.0.40219.1
Project("{FAE04EC0-301F-11D3-BF4B-00C04F79EFBC}") = "EpidemicPlatformAPI_V3", "EpidemicPlatformAPI_V3.csproj", "{0C30B276-D57C-42A7-A2D4-E212B72FAC53}"
EndProject
Global
	GlobalSection(SolutionConfigurationPlatforms) = preSolution
		Debug|Any CPU = Debug|Any CPU
		Release|Any CPU = Release|Any CPU
	EndGlobalSection
	GlobalSection(ProjectConfigurationPlatforms) = postSolution
		{0C30B276-D57C-42A7-A2D4-E212B72FAC53}.Debug|Any CPU.ActiveCfg = Debug|Any CPU
		{0C30B276-D57C-42A7-A2D4-E212B72FAC53}.Debug|Any CPU.Build.0 = Debug|Any CPU
		{0C30B276-D57C-42A7-A2D4-E212B72FAC53}.Release|Any CPU.ActiveCfg = Release|Any CPU
		{0C30B276-D57C-42A7-A2D4-E212B72FAC53}.Release|Any CPU.Build.0 = Release|Any CPU
	EndGlobalSection
	GlobalSection(SolutionProperties) = preSolution
		HideSolutionNode = FALSE
	EndGlobalSection
	GlobalSection(ExtensibilityGlobals) = postSolution
		SolutionGuid = {5737DC45-7E10-4828-8038-59F84D5A7168}
	EndGlobalSection
EndGlobal
